{
 "graph_lock": {
  "nodes": {
   "0": {
    "ref": "consumer/4.0",
    "options": "fPIC=True\nshared=False\nliba:fPIC=True\nliba:shared=False\nlibb:fPIC=True\nlibb:shared=False\nlibc:fPIC=True\nlibc:shared=False\nlibd:fPIC=True\nlibd:shared=False",
    "requires": [
     "1"
    ],
    "path": "conanfile.py",
    "context": "host"
   },
   "1": {
    "ref": "libd/1.4#ed7c5ff65cb9ad1fd0fceecdf9eae941",
    "options": "fPIC=True\nshared=False\nliba:fPIC=True\nliba:shared=False\nlibb:fPIC=True\nlibb:shared=False\nlibc:fPIC=True\nlibc:shared=False",
    "package_id": "aacc639f3d76fec9cf3ddf88fb415053dea2cb76",
    "prev": "e405a67c4995a028509703798d9024c1",
    "modified": true,
    "requires": [
     "2",
     "4"
    ],
    "context": "host"
   },
   "2": {
    "ref": "libb/2.0#a5e599e393dec84c94719a490a4f486a",
    "options": "fPIC=True\nshared=False\nliba:fPIC=True\nliba:shared=False",
    "package_id": "8575822fc794186078d97735510e876426f7c49c",
    "prev": "fbf6d20cebf5b297f2728e240a6e75de",
    "modified": true,
    "requires": [
     "3"
    ],
    "context": "host"
   },
   "3": {
    "ref": "liba/1.0#0b1a78f5925f62480ed2d97002e926fa",
    "options": "fPIC=True\nshared=False",
    "package_id": "6a83d7f783e7ee89a83cf2fe72b5f5f67538e2a6",
    "prev": "5a30794dc739189b028d191812c2b845",
    "modified": true,
    "context": "host"
   },
   "4": {
    "ref": "libc/1.2#43db14e2221b60b7d715a5af72bcc9ee",
    "options": "fPIC=True\nshared=False\nliba:fPIC=True\nliba:shared=False",
    "package_id": "8575822fc794186078d97735510e876426f7c49c",
    "prev": "fa764f7925c75de91c91d1d4988ef578",
    "modified": true,
    "requires": [
     "3"
    ],
    "context": "host"
   }
  },
  "revisions_enabled": true
 },
 "version": "0.4",
 "profile_host": "[settings]\narch=x86_64\narch_build=x86_64\nbuild_type=Release\ncompiler=apple-clang\ncompiler.libcxx=libc++\ncompiler.version=12.0\nos=Macos\nos_build=Macos\n[options]\n[build_requires]\n[env]\n"
}